
Microsoft Visual Studio Solution File, Format Version 12.00
# Visual Studio 15
VisualStudioVersion = 15.0.27130.2027
MinimumVisualStudioVersion = 10.0.40219.1
Project("{2150E333-8FDC-42A3-9474-1A3956D46DE8}") = "CAP 1.1 - IMPLEMENT MULTITHREADING ASYNC PROCESSING", "CAP 1.1 - IMPLEMENT MULTITHREADING ASYNC PROCESSING", "{656C5292-48B7-4EB0-9F51-DB606E54C4BE}"
EndProject
Project("{2150E333-8FDC-42A3-9474-1A3956D46DE8}") = "CAP 1.2 - MANAGE MULTITHREADING", "CAP 1.2 - MANAGE MULTITHREADING", "{06759C02-E154-4998-BEFE-9B72A8379551}"
EndProject
Project("{2150E333-8FDC-42A3-9474-1A3956D46DE8}") = "CAP 1.3 - IMPLEMENT PROGRAM FLOW", "CAP 1.3 - IMPLEMENT PROGRAM FLOW", "{22559719-8401-41CF-BCDE-7E662E194860}"
EndProject
Project("{2150E333-8FDC-42A3-9474-1A3956D46DE8}") = "CAP 1.4 - CREATE AND IMPLEMENT EVENTS AND CALLBACKS", "CAP 1.4 - CREATE AND IMPLEMENT EVENTS AND CALLBACKS", "{AF026CE4-FCDA-434E-BEE5-1A871D2957BD}"
EndProject
Project("{2150E333-8FDC-42A3-9474-1A3956D46DE8}") = "CAP 1.5 - IMPLEMENT EXCEPTION HANDLING", "CAP 1.5 - IMPLEMENT EXCEPTION HANDLING", "{7B17A619-5C0E-4BEA-8DE0-91FAE93F1D87}"
EndProject
Project("{FAE04EC0-301F-11D3-BF4B-00C04F79EFBC}") = "1.2.01.SynchronizingResources", "CAP 1.2 - MANAGE MULTITHREADING\1.2.01.SynchronizingResources\1.2.01.SynchronizingResources.csproj", "{06C46C26-3CB1-44FF-8DF0-D921056D0083}"
EndProject
Project("{FAE04EC0-301F-11D3-BF4B-00C04F79EFBC}") = "1.1.01.UnderstandingThreads", "CAP 1.1 - IMPLEMENT MULTITHREADING ASYNC PROCESSING\1.1.01.IMAP\1.1.01.UnderstandingThreads.csproj", "{5EC39465-E16A-48BE-8669-AD5E5FDE16C2}"
EndProject
Project("{FAE04EC0-301F-11D3-BF4B-00C04F79EFBC}") = "1.1.02.UsingTasks", "CAP 1.1 - IMPLEMENT MULTITHREADING ASYNC PROCESSING\1.1.02.UsingTasks\1.1.02.UsingTasks.csproj", "{CA6CFF65-49AF-4E57-9A77-EC2B620247FC}"
EndProject
Project("{FAE04EC0-301F-11D3-BF4B-00C04F79EFBC}") = "1.1.03.UsingParallelClass", "CAP 1.1 - IMPLEMENT MULTITHREADING ASYNC PROCESSING\1.1.03.UsingParallelClass\1.1.03.UsingParallelClass.csproj", "{F84BB31F-0477-4A44-AF46-3A9E3E47CE5D}"
EndProject
Project("{FAE04EC0-301F-11D3-BF4B-00C04F79EFBC}") = "1.1.04.UsingAsyncAwait", "CAP 1.1 - IMPLEMENT MULTITHREADING ASYNC PROCESSING\1.1.04.UsingAsyncAwait\1.1.04.UsingAsyncAwait.csproj", "{948390A5-8C36-4D5D-BFDB-C3C12E24B207}"
EndProject
Project("{FAE04EC0-301F-11D3-BF4B-00C04F79EFBC}") = "1.1.05.UsingPLINQ", "CAP 1.1 - IMPLEMENT MULTITHREADING ASYNC PROCESSING\1.1.05.UsingPLINQ\1.1.05.UsingPLINQ.csproj", "{E3F7AE6C-EEB2-4470-916B-6792F7F6F228}"
EndProject
Project("{FAE04EC0-301F-11D3-BF4B-00C04F79EFBC}") = "1.1.06.UsingConcurrentCollections", "CAP 1.1 - IMPLEMENT MULTITHREADING ASYNC PROCESSING\1.1.06.UsingConcurrentCollections\1.1.06.UsingConcurrentCollections.csproj", "{07AC71B3-4BC5-43F1-8DF1-799A5F5B7EFB}"
EndProject
Project("{FAE04EC0-301F-11D3-BF4B-00C04F79EFBC}") = "1.3.01.WorkingWithBooleanExpressions", "CAP 1.3 - IMPLEMENT PROGRAM FLOW\1.3.01.WorkingWithBooleanExpressions\1.3.01.WorkingWithBooleanExpressions.csproj", "{90FE4175-30BB-4364-899C-17645520AD03}"
EndProject
Project("{FAE04EC0-301F-11D3-BF4B-00C04F79EFBC}") = "1.3.02.MakingDecisions", "CAP 1.3 - IMPLEMENT PROGRAM FLOW\1.3.02.MakingDecisions\1.3.02.MakingDecisions.csproj", "{680D0123-7927-4EEF-8D63-3407759DA885}"
EndProject
Project("{FAE04EC0-301F-11D3-BF4B-00C04F79EFBC}") = "1.3.03.InteratingAcrossCollections", "CAP 1.3 - IMPLEMENT PROGRAM FLOW\1.3.03.InteratingAcrossCollections\1.3.03.InteratingAcrossCollections.csproj", "{C7F99383-23BB-4E8C-AC46-E3F5045325A4}"
EndProject
Project("{FAE04EC0-301F-11D3-BF4B-00C04F79EFBC}") = "1.4.01.UnderstandingDelegates", "CAP 1.4 - CREATE AND IMPLEMENT EVENTS AND CALLBACKS\1.4.01.UnderstandingDelegates\1.4.01.UnderstandingDelegates.csproj", "{37BAA1D7-F787-4C91-8E49-1015F5C02B81}"
EndProject
Project("{FAE04EC0-301F-11D3-BF4B-00C04F79EFBC}") = "1.4.02.UsingLambdaExpressions", "CAP 1.4 - CREATE AND IMPLEMENT EVENTS AND CALLBACKS\1.4.02.UsingLambdaExpressions\1.4.02.UsingLambdaExpressions.csproj", "{B36ACD60-C2FF-4BBC-9B0E-1131656D6ABC}"
EndProject
Project("{FAE04EC0-301F-11D3-BF4B-00C04F79EFBC}") = "1.4.03.UsingEvents", "CAP 1.4 - CREATE AND IMPLEMENT EVENTS AND CALLBACKS\1.4.03.UsingEvents\1.4.03.UsingEvents.csproj", "{4FB86BC2-08E1-40BF-ADB1-613BA04BDCB8}"
EndProject
Project("{FAE04EC0-301F-11D3-BF4B-00C04F79EFBC}") = "1.5.03.ImplementExceptionHandling", "CAP 1.5 - IMPLEMENT EXCEPTION HANDLING\1.5.03.ImplementExceptionHandling\1.5.03.ImplementExceptionHandling.csproj", "{0B2BEDA8-0023-4F36-9E57-22ACB1D27652}"
EndProject
Project("{2150E333-8FDC-42A3-9474-1A3956D46DE8}") = "CAP 2.2 - CONSUME TYPES", "CAP 2.2 - CONSUME TYPES", "{CE32936C-2A38-4631-A147-9D47C9731889}"
EndProject
Project("{2150E333-8FDC-42A3-9474-1A3956D46DE8}") = "CAP 2.3 - ENFORCE ENCAPSULATION", "CAP 2.3 - ENFORCE ENCAPSULATION", "{448F0657-059B-4411-93DC-CABFBD2B4E60}"
EndProject
Project("{2150E333-8FDC-42A3-9474-1A3956D46DE8}") = "CAP 2.4 - CREATE AND IMPLEMENT A CLASS HIERARCHY", "CAP 2.4 - CREATE AND IMPLEMENT A CLASS HIERARCHY", "{55549215-1835-4710-8E03-A5190B1FE90A}"
EndProject
Project("{2150E333-8FDC-42A3-9474-1A3956D46DE8}") = "CAP 2.5 - FIND, EXECUTE, AND CREATE TYPES AT RUNTIME BY USING REFLECTION", "CAP 2.5 - FIND, EXECUTE, AND CREATE TYPES AT RUNTIME BY USING REFLECTION", "{B7C123EC-FA6A-485F-ADC0-44E313084AE3}"
EndProject
Project("{2150E333-8FDC-42A3-9474-1A3956D46DE8}") = "CAP 2.6 - MANAGE THE OBJECT LIFE CYCLE", "CAP 2.6 - MANAGE THE OBJECT LIFE CYCLE", "{144D56D0-BF73-45A6-B43A-E685D760B66A}"
EndProject
Project("{2150E333-8FDC-42A3-9474-1A3956D46DE8}") = "CAP 2.7 - MANIPULATE STRINGS", "CAP 2.7 - MANIPULATE STRINGS", "{AFBBCB65-4379-4A59-A0D5-4AECAB1FB5A3}"
EndProject
Project("{2150E333-8FDC-42A3-9474-1A3956D46DE8}") = "CAP 3.1 - VALIDATE APPLICATION INPUT", "CAP 3.1 - VALIDATE APPLICATION INPUT", "{0D0AB222-F05E-4B6B-BB78-1457121D348F}"
EndProject
Project("{2150E333-8FDC-42A3-9474-1A3956D46DE8}") = "CAP 3.2 - PERFORM SYMMETRIC AND ASYMMETRIC ENCRYPTION", "CAP 3.2 - PERFORM SYMMETRIC AND ASYMMETRIC ENCRYPTION", "{0A745B28-46AF-48E4-9F2B-DF8617052FEC}"
EndProject
Project("{2150E333-8FDC-42A3-9474-1A3956D46DE8}") = "CAP 3.3 - MANAGE ASSEMBLIES", "CAP 3.3 - MANAGE ASSEMBLIES", "{E4A720E5-615E-4037-AE82-216CDFD073EF}"
EndProject
Project("{2150E333-8FDC-42A3-9474-1A3956D46DE8}") = "CAP 3.4 - DEBUG AN APPLICATION", "CAP 3.4 - DEBUG AN APPLICATION", "{F6414963-7FE0-4A63-8564-3CBF4BF0A73A}"
EndProject
Project("{2150E333-8FDC-42A3-9474-1A3956D46DE8}") = "CAP 3.5 - IMPLEMENT DIAGNOSTICS IN AN APPLICATION", "CAP 3.5 - IMPLEMENT DIAGNOSTICS IN AN APPLICATION", "{66F921EF-0DD2-43FF-A887-D92D4D4DBA64}"
EndProject
Project("{2150E333-8FDC-42A3-9474-1A3956D46DE8}") = "CAP 4.1 - PERFORM IO OPERATIONS", "CAP 4.1 - PERFORM IO OPERATIONS", "{9CD8A578-30B4-4F9A-B776-9C5673B3DAF3}"
EndProject
Project("{2150E333-8FDC-42A3-9474-1A3956D46DE8}") = "CAP 4.2 - CONSUME DATA", "CAP 4.2 - CONSUME DATA", "{19E1BF32-3014-487D-B2DF-D2FF1B485D9E}"
EndProject
Project("{2150E333-8FDC-42A3-9474-1A3956D46DE8}") = "CAP 4.3 - QUERY AND MANIPULATE DATA AND OBJECTS BY USING LINQ", "CAP 4.3 - QUERY AND MANIPULATE DATA AND OBJECTS BY USING LINQ", "{085970FA-0F38-4EAC-B524-FFD5E2F23B14}"
EndProject
Project("{2150E333-8FDC-42A3-9474-1A3956D46DE8}") = "CAP 4.4 - SERIALIZE AND DESERIALIZE DATA", "CAP 4.4 - SERIALIZE AND DESERIALIZE DATA", "{563ED9C8-9A5B-4508-B675-A8663261C1EC}"
EndProject
Project("{2150E333-8FDC-42A3-9474-1A3956D46DE8}") = "CAP 4.5 - STORE DATA IN AND RETRIEVE DATA FROM COLLECTIONS", "CAP 4.5 - STORE DATA IN AND RETRIEVE DATA FROM COLLECTIONS", "{873E7B9A-6B0D-445B-8BFF-32C58F59D8F4}"
EndProject
Project("{2150E333-8FDC-42A3-9474-1A3956D46DE8}") = "CHAPTER 4 - IMPLEMENT DATA ACCESS", "CHAPTER 4 - IMPLEMENT DATA ACCESS", "{0462B813-F5D2-4D2A-98DE-6005D7966153}"
EndProject
Project("{2150E333-8FDC-42A3-9474-1A3956D46DE8}") = "CHAPTER 2 - CREATE AND USE TYPES", "CHAPTER 2 - CREATE AND USE TYPES", "{81E880BB-AEC6-4C96-BA84-46694B20B974}"
EndProject
Project("{2150E333-8FDC-42A3-9474-1A3956D46DE8}") = "CHAPTER 1 - MANAGE PROGRAM FLOW", "CHAPTER 1 - MANAGE PROGRAM FLOW", "{BA26D477-EC48-47B0-B817-8DC03154D647}"
EndProject
Project("{2150E333-8FDC-42A3-9474-1A3956D46DE8}") = "CAP 2.1 - CREATE TYPES", "CAP 2.1 - CREATE TYPES", "{C140C44D-BB1E-4D57-878F-904A0D86988A}"
EndProject
Project("{FAE04EC0-301F-11D3-BF4B-00C04F79EFBC}") = "2.1.01.ChoosingATypeToCreate", "CAP 2.1 - CREATE TYPES\2.1.01.ChoosingATypeToCreate\2.1.01.ChoosingATypeToCreate.csproj", "{B3331261-B2CA-414D-A90A-F0770678206E}"
EndProject
Project("{2150E333-8FDC-42A3-9474-1A3956D46DE8}") = "CHAPTER 3 - DEBUG APPLICATIONS  AND IMPLEMENT SECURITY", "CHAPTER 3 - DEBUG APPLICATIONS  AND IMPLEMENT SECURITY", "{42070467-038D-425F-A0E8-C2FA8DAA1DC7}"
EndProject
Project("{FAE04EC0-301F-11D3-BF4B-00C04F79EFBC}") = "3.1.01.ValidateApplicationInput", "CAP 3.1 - VALIDATE APPLICATION INPUT\3.1.01.ValidateApplicationInput\3.1.01.ValidateApplicationInput.csproj", "{01CA5E72-F17D-4DC2-94A7-7F6B5CD4AC8F}"
EndProject
Project("{FAE04EC0-301F-11D3-BF4B-00C04F79EFBC}") = "3.1.02.UsingParse-TryParse-And-Convert", "CAP 3.1 - VALIDATE APPLICATION INPUT\3.1.02.UsingParse-TryParse-And-Convert\3.1.02.UsingParse-TryParse-And-Convert.csproj", "{2D85950C-8CF3-4FAA-9B8D-0434F860D821}"
EndProject
Project("{FAE04EC0-301F-11D3-BF4B-00C04F79EFBC}") = "3.1.03.UsingRegularExpressions", "CAP 3.1 - VALIDATE APPLICATION INPUT\3.1.03.UsingRegularExpressions\3.1.03.UsingRegularExpressions.csproj", "{F6095044-79AE-4819-95E2-0B7C2E4D7423}"
EndProject
Global
	GlobalSection(SolutionConfigurationPlatforms) = preSolution
		Debug|Any CPU = Debug|Any CPU
		Release|Any CPU = Release|Any CPU
	EndGlobalSection
	GlobalSection(ProjectConfigurationPlatforms) = postSolution
		{06C46C26-3CB1-44FF-8DF0-D921056D0083}.Debug|Any CPU.ActiveCfg = Debug|Any CPU
		{06C46C26-3CB1-44FF-8DF0-D921056D0083}.Debug|Any CPU.Build.0 = Debug|Any CPU
		{06C46C26-3CB1-44FF-8DF0-D921056D0083}.Release|Any CPU.ActiveCfg = Release|Any CPU
		{06C46C26-3CB1-44FF-8DF0-D921056D0083}.Release|Any CPU.Build.0 = Release|Any CPU
		{5EC39465-E16A-48BE-8669-AD5E5FDE16C2}.Debug|Any CPU.ActiveCfg = Debug|Any CPU
		{5EC39465-E16A-48BE-8669-AD5E5FDE16C2}.Debug|Any CPU.Build.0 = Debug|Any CPU
		{5EC39465-E16A-48BE-8669-AD5E5FDE16C2}.Release|Any CPU.ActiveCfg = Release|Any CPU
		{5EC39465-E16A-48BE-8669-AD5E5FDE16C2}.Release|Any CPU.Build.0 = Release|Any CPU
		{CA6CFF65-49AF-4E57-9A77-EC2B620247FC}.Debug|Any CPU.ActiveCfg = Debug|Any CPU
		{CA6CFF65-49AF-4E57-9A77-EC2B620247FC}.Debug|Any CPU.Build.0 = Debug|Any CPU
		{CA6CFF65-49AF-4E57-9A77-EC2B620247FC}.Release|Any CPU.ActiveCfg = Release|Any CPU
		{CA6CFF65-49AF-4E57-9A77-EC2B620247FC}.Release|Any CPU.Build.0 = Release|Any CPU
		{F84BB31F-0477-4A44-AF46-3A9E3E47CE5D}.Debug|Any CPU.ActiveCfg = Debug|Any CPU
		{F84BB31F-0477-4A44-AF46-3A9E3E47CE5D}.Debug|Any CPU.Build.0 = Debug|Any CPU
		{F84BB31F-0477-4A44-AF46-3A9E3E47CE5D}.Release|Any CPU.ActiveCfg = Release|Any CPU
		{F84BB31F-0477-4A44-AF46-3A9E3E47CE5D}.Release|Any CPU.Build.0 = Release|Any CPU
		{948390A5-8C36-4D5D-BFDB-C3C12E24B207}.Debug|Any CPU.ActiveCfg = Debug|Any CPU
		{948390A5-8C36-4D5D-BFDB-C3C12E24B207}.Debug|Any CPU.Build.0 = Debug|Any CPU
		{948390A5-8C36-4D5D-BFDB-C3C12E24B207}.Release|Any CPU.ActiveCfg = Release|Any CPU
		{948390A5-8C36-4D5D-BFDB-C3C12E24B207}.Release|Any CPU.Build.0 = Release|Any CPU
		{E3F7AE6C-EEB2-4470-916B-6792F7F6F228}.Debug|Any CPU.ActiveCfg = Debug|Any CPU
		{E3F7AE6C-EEB2-4470-916B-6792F7F6F228}.Debug|Any CPU.Build.0 = Debug|Any CPU
		{E3F7AE6C-EEB2-4470-916B-6792F7F6F228}.Release|Any CPU.ActiveCfg = Release|Any CPU
		{E3F7AE6C-EEB2-4470-916B-6792F7F6F228}.Release|Any CPU.Build.0 = Release|Any CPU
		{07AC71B3-4BC5-43F1-8DF1-799A5F5B7EFB}.Debug|Any CPU.ActiveCfg = Debug|Any CPU
		{07AC71B3-4BC5-43F1-8DF1-799A5F5B7EFB}.Debug|Any CPU.Build.0 = Debug|Any CPU
		{07AC71B3-4BC5-43F1-8DF1-799A5F5B7EFB}.Release|Any CPU.ActiveCfg = Release|Any CPU
		{07AC71B3-4BC5-43F1-8DF1-799A5F5B7EFB}.Release|Any CPU.Build.0 = Release|Any CPU
		{90FE4175-30BB-4364-899C-17645520AD03}.Debug|Any CPU.ActiveCfg = Debug|Any CPU
		{90FE4175-30BB-4364-899C-17645520AD03}.Debug|Any CPU.Build.0 = Debug|Any CPU
		{90FE4175-30BB-4364-899C-17645520AD03}.Release|Any CPU.ActiveCfg = Release|Any CPU
		{90FE4175-30BB-4364-899C-17645520AD03}.Release|Any CPU.Build.0 = Release|Any CPU
		{680D0123-7927-4EEF-8D63-3407759DA885}.Debug|Any CPU.ActiveCfg = Debug|Any CPU
		{680D0123-7927-4EEF-8D63-3407759DA885}.Debug|Any CPU.Build.0 = Debug|Any CPU
		{680D0123-7927-4EEF-8D63-3407759DA885}.Release|Any CPU.ActiveCfg = Release|Any CPU
		{680D0123-7927-4EEF-8D63-3407759DA885}.Release|Any CPU.Build.0 = Release|Any CPU
		{C7F99383-23BB-4E8C-AC46-E3F5045325A4}.Debug|Any CPU.ActiveCfg = Debug|Any CPU
		{C7F99383-23BB-4E8C-AC46-E3F5045325A4}.Debug|Any CPU.Build.0 = Debug|Any CPU
		{C7F99383-23BB-4E8C-AC46-E3F5045325A4}.Release|Any CPU.ActiveCfg = Release|Any CPU
		{C7F99383-23BB-4E8C-AC46-E3F5045325A4}.Release|Any CPU.Build.0 = Release|Any CPU
		{37BAA1D7-F787-4C91-8E49-1015F5C02B81}.Debug|Any CPU.ActiveCfg = Debug|Any CPU
		{37BAA1D7-F787-4C91-8E49-1015F5C02B81}.Debug|Any CPU.Build.0 = Debug|Any CPU
		{37BAA1D7-F787-4C91-8E49-1015F5C02B81}.Release|Any CPU.ActiveCfg = Release|Any CPU
		{37BAA1D7-F787-4C91-8E49-1015F5C02B81}.Release|Any CPU.Build.0 = Release|Any CPU
		{B36ACD60-C2FF-4BBC-9B0E-1131656D6ABC}.Debug|Any CPU.ActiveCfg = Debug|Any CPU
		{B36ACD60-C2FF-4BBC-9B0E-1131656D6ABC}.Debug|Any CPU.Build.0 = Debug|Any CPU
		{B36ACD60-C2FF-4BBC-9B0E-1131656D6ABC}.Release|Any CPU.ActiveCfg = Release|Any CPU
		{B36ACD60-C2FF-4BBC-9B0E-1131656D6ABC}.Release|Any CPU.Build.0 = Release|Any CPU
		{4FB86BC2-08E1-40BF-ADB1-613BA04BDCB8}.Debug|Any CPU.ActiveCfg = Debug|Any CPU
		{4FB86BC2-08E1-40BF-ADB1-613BA04BDCB8}.Debug|Any CPU.Build.0 = Debug|Any CPU
		{4FB86BC2-08E1-40BF-ADB1-613BA04BDCB8}.Release|Any CPU.ActiveCfg = Release|Any CPU
		{4FB86BC2-08E1-40BF-ADB1-613BA04BDCB8}.Release|Any CPU.Build.0 = Release|Any CPU
		{0B2BEDA8-0023-4F36-9E57-22ACB1D27652}.Debug|Any CPU.ActiveCfg = Debug|Any CPU
		{0B2BEDA8-0023-4F36-9E57-22ACB1D27652}.Debug|Any CPU.Build.0 = Debug|Any CPU
		{0B2BEDA8-0023-4F36-9E57-22ACB1D27652}.Release|Any CPU.ActiveCfg = Release|Any CPU
		{0B2BEDA8-0023-4F36-9E57-22ACB1D27652}.Release|Any CPU.Build.0 = Release|Any CPU
		{B3331261-B2CA-414D-A90A-F0770678206E}.Debug|Any CPU.ActiveCfg = Debug|Any CPU
		{B3331261-B2CA-414D-A90A-F0770678206E}.Debug|Any CPU.Build.0 = Debug|Any CPU
		{B3331261-B2CA-414D-A90A-F0770678206E}.Release|Any CPU.ActiveCfg = Release|Any CPU
		{B3331261-B2CA-414D-A90A-F0770678206E}.Release|Any CPU.Build.0 = Release|Any CPU
		{01CA5E72-F17D-4DC2-94A7-7F6B5CD4AC8F}.Debug|Any CPU.ActiveCfg = Debug|Any CPU
		{01CA5E72-F17D-4DC2-94A7-7F6B5CD4AC8F}.Debug|Any CPU.Build.0 = Debug|Any CPU
		{01CA5E72-F17D-4DC2-94A7-7F6B5CD4AC8F}.Release|Any CPU.ActiveCfg = Release|Any CPU
		{01CA5E72-F17D-4DC2-94A7-7F6B5CD4AC8F}.Release|Any CPU.Build.0 = Release|Any CPU
		{2D85950C-8CF3-4FAA-9B8D-0434F860D821}.Debug|Any CPU.ActiveCfg = Debug|Any CPU
		{2D85950C-8CF3-4FAA-9B8D-0434F860D821}.Debug|Any CPU.Build.0 = Debug|Any CPU
		{2D85950C-8CF3-4FAA-9B8D-0434F860D821}.Release|Any CPU.ActiveCfg = Release|Any CPU
		{2D85950C-8CF3-4FAA-9B8D-0434F860D821}.Release|Any CPU.Build.0 = Release|Any CPU
		{F6095044-79AE-4819-95E2-0B7C2E4D7423}.Debug|Any CPU.ActiveCfg = Debug|Any CPU
		{F6095044-79AE-4819-95E2-0B7C2E4D7423}.Debug|Any CPU.Build.0 = Debug|Any CPU
		{F6095044-79AE-4819-95E2-0B7C2E4D7423}.Release|Any CPU.ActiveCfg = Release|Any CPU
		{F6095044-79AE-4819-95E2-0B7C2E4D7423}.Release|Any CPU.Build.0 = Release|Any CPU
	EndGlobalSection
	GlobalSection(SolutionProperties) = preSolution
		HideSolutionNode = FALSE
	EndGlobalSection
	GlobalSection(NestedProjects) = preSolution
		{656C5292-48B7-4EB0-9F51-DB606E54C4BE} = {BA26D477-EC48-47B0-B817-8DC03154D647}
		{06759C02-E154-4998-BEFE-9B72A8379551} = {BA26D477-EC48-47B0-B817-8DC03154D647}
		{22559719-8401-41CF-BCDE-7E662E194860} = {BA26D477-EC48-47B0-B817-8DC03154D647}
		{AF026CE4-FCDA-434E-BEE5-1A871D2957BD} = {BA26D477-EC48-47B0-B817-8DC03154D647}
		{7B17A619-5C0E-4BEA-8DE0-91FAE93F1D87} = {BA26D477-EC48-47B0-B817-8DC03154D647}
		{06C46C26-3CB1-44FF-8DF0-D921056D0083} = {06759C02-E154-4998-BEFE-9B72A8379551}
		{5EC39465-E16A-48BE-8669-AD5E5FDE16C2} = {656C5292-48B7-4EB0-9F51-DB606E54C4BE}
		{CA6CFF65-49AF-4E57-9A77-EC2B620247FC} = {656C5292-48B7-4EB0-9F51-DB606E54C4BE}
		{F84BB31F-0477-4A44-AF46-3A9E3E47CE5D} = {656C5292-48B7-4EB0-9F51-DB606E54C4BE}
		{948390A5-8C36-4D5D-BFDB-C3C12E24B207} = {656C5292-48B7-4EB0-9F51-DB606E54C4BE}
		{E3F7AE6C-EEB2-4470-916B-6792F7F6F228} = {656C5292-48B7-4EB0-9F51-DB606E54C4BE}
		{07AC71B3-4BC5-43F1-8DF1-799A5F5B7EFB} = {656C5292-48B7-4EB0-9F51-DB606E54C4BE}
		{90FE4175-30BB-4364-899C-17645520AD03} = {22559719-8401-41CF-BCDE-7E662E194860}
		{680D0123-7927-4EEF-8D63-3407759DA885} = {22559719-8401-41CF-BCDE-7E662E194860}
		{C7F99383-23BB-4E8C-AC46-E3F5045325A4} = {22559719-8401-41CF-BCDE-7E662E194860}
		{37BAA1D7-F787-4C91-8E49-1015F5C02B81} = {AF026CE4-FCDA-434E-BEE5-1A871D2957BD}
		{B36ACD60-C2FF-4BBC-9B0E-1131656D6ABC} = {AF026CE4-FCDA-434E-BEE5-1A871D2957BD}
		{4FB86BC2-08E1-40BF-ADB1-613BA04BDCB8} = {AF026CE4-FCDA-434E-BEE5-1A871D2957BD}
		{0B2BEDA8-0023-4F36-9E57-22ACB1D27652} = {7B17A619-5C0E-4BEA-8DE0-91FAE93F1D87}
		{CE32936C-2A38-4631-A147-9D47C9731889} = {81E880BB-AEC6-4C96-BA84-46694B20B974}
		{448F0657-059B-4411-93DC-CABFBD2B4E60} = {81E880BB-AEC6-4C96-BA84-46694B20B974}
		{55549215-1835-4710-8E03-A5190B1FE90A} = {81E880BB-AEC6-4C96-BA84-46694B20B974}
		{B7C123EC-FA6A-485F-ADC0-44E313084AE3} = {81E880BB-AEC6-4C96-BA84-46694B20B974}
		{144D56D0-BF73-45A6-B43A-E685D760B66A} = {81E880BB-AEC6-4C96-BA84-46694B20B974}
		{AFBBCB65-4379-4A59-A0D5-4AECAB1FB5A3} = {81E880BB-AEC6-4C96-BA84-46694B20B974}
		{0D0AB222-F05E-4B6B-BB78-1457121D348F} = {42070467-038D-425F-A0E8-C2FA8DAA1DC7}
		{0A745B28-46AF-48E4-9F2B-DF8617052FEC} = {42070467-038D-425F-A0E8-C2FA8DAA1DC7}
		{E4A720E5-615E-4037-AE82-216CDFD073EF} = {42070467-038D-425F-A0E8-C2FA8DAA1DC7}
		{F6414963-7FE0-4A63-8564-3CBF4BF0A73A} = {42070467-038D-425F-A0E8-C2FA8DAA1DC7}
		{66F921EF-0DD2-43FF-A887-D92D4D4DBA64} = {42070467-038D-425F-A0E8-C2FA8DAA1DC7}
		{9CD8A578-30B4-4F9A-B776-9C5673B3DAF3} = {0462B813-F5D2-4D2A-98DE-6005D7966153}
		{19E1BF32-3014-487D-B2DF-D2FF1B485D9E} = {0462B813-F5D2-4D2A-98DE-6005D7966153}
		{085970FA-0F38-4EAC-B524-FFD5E2F23B14} = {0462B813-F5D2-4D2A-98DE-6005D7966153}
		{563ED9C8-9A5B-4508-B675-A8663261C1EC} = {0462B813-F5D2-4D2A-98DE-6005D7966153}
		{873E7B9A-6B0D-445B-8BFF-32C58F59D8F4} = {0462B813-F5D2-4D2A-98DE-6005D7966153}
		{C140C44D-BB1E-4D57-878F-904A0D86988A} = {81E880BB-AEC6-4C96-BA84-46694B20B974}
		{B3331261-B2CA-414D-A90A-F0770678206E} = {C140C44D-BB1E-4D57-878F-904A0D86988A}
		{01CA5E72-F17D-4DC2-94A7-7F6B5CD4AC8F} = {0D0AB222-F05E-4B6B-BB78-1457121D348F}
		{2D85950C-8CF3-4FAA-9B8D-0434F860D821} = {0D0AB222-F05E-4B6B-BB78-1457121D348F}
		{F6095044-79AE-4819-95E2-0B7C2E4D7423} = {0D0AB222-F05E-4B6B-BB78-1457121D348F}
	EndGlobalSection
	GlobalSection(ExtensibilityGlobals) = postSolution
		SolutionGuid = {54D893BE-EE64-48A9-85D7-2B61C158595A}
	EndGlobalSection
EndGlobal
