
Microsoft Visual Studio Solution File, Format Version 12.00
# Visual Studio 15
VisualStudioVersion = 15.0.27130.2027
MinimumVisualStudioVersion = 10.0.40219.1
Project("{FAE04EC0-301F-11D3-BF4B-00C04F79EFBC}") = "1.UnderstandingThreads", "IMAP\1.UnderstandingThreads.csproj", "{5EC39465-E16A-48BE-8669-AD5E5FDE16C2}"
EndProject
Project("{FAE04EC0-301F-11D3-BF4B-00C04F79EFBC}") = "2.UsingTasks", "UsingTasks\2.UsingTasks.csproj", "{CA6CFF65-49AF-4E57-9A77-EC2B620247FC}"
EndProject
Project("{FAE04EC0-301F-11D3-BF4B-00C04F79EFBC}") = "3.UsingParallelClass", "UsingParallelClass\3.UsingParallelClass.csproj", "{F84BB31F-0477-4A44-AF46-3A9E3E47CE5D}"
EndProject
Project("{FAE04EC0-301F-11D3-BF4B-00C04F79EFBC}") = "4.UsingAsyncAwait", "UsingAsyncAwait\4.UsingAsyncAwait.csproj", "{948390A5-8C36-4D5D-BFDB-C3C12E24B207}"
EndProject
Project("{FAE04EC0-301F-11D3-BF4B-00C04F79EFBC}") = "5.UsingPLINQ", "UsingPLINQ\5.UsingPLINQ.csproj", "{E3F7AE6C-EEB2-4470-916B-6792F7F6F228}"
EndProject
Project("{FAE04EC0-301F-11D3-BF4B-00C04F79EFBC}") = "6.UsingConcurrentCollections", "UsingConcurrentCollections\6.UsingConcurrentCollections.csproj", "{07AC71B3-4BC5-43F1-8DF1-799A5F5B7EFB}"
EndProject
Global
	GlobalSection(SolutionConfigurationPlatforms) = preSolution
		Debug|Any CPU = Debug|Any CPU
		Release|Any CPU = Release|Any CPU
	EndGlobalSection
	GlobalSection(ProjectConfigurationPlatforms) = postSolution
		{5EC39465-E16A-48BE-8669-AD5E5FDE16C2}.Debug|Any CPU.ActiveCfg = Debug|Any CPU
		{5EC39465-E16A-48BE-8669-AD5E5FDE16C2}.Debug|Any CPU.Build.0 = Debug|Any CPU
		{5EC39465-E16A-48BE-8669-AD5E5FDE16C2}.Release|Any CPU.ActiveCfg = Release|Any CPU
		{5EC39465-E16A-48BE-8669-AD5E5FDE16C2}.Release|Any CPU.Build.0 = Release|Any CPU
		{CA6CFF65-49AF-4E57-9A77-EC2B620247FC}.Debug|Any CPU.ActiveCfg = Debug|Any CPU
		{CA6CFF65-49AF-4E57-9A77-EC2B620247FC}.Debug|Any CPU.Build.0 = Debug|Any CPU
		{CA6CFF65-49AF-4E57-9A77-EC2B620247FC}.Release|Any CPU.ActiveCfg = Release|Any CPU
		{CA6CFF65-49AF-4E57-9A77-EC2B620247FC}.Release|Any CPU.Build.0 = Release|Any CPU
		{F84BB31F-0477-4A44-AF46-3A9E3E47CE5D}.Debug|Any CPU.ActiveCfg = Debug|Any CPU
		{F84BB31F-0477-4A44-AF46-3A9E3E47CE5D}.Debug|Any CPU.Build.0 = Debug|Any CPU
		{F84BB31F-0477-4A44-AF46-3A9E3E47CE5D}.Release|Any CPU.ActiveCfg = Release|Any CPU
		{F84BB31F-0477-4A44-AF46-3A9E3E47CE5D}.Release|Any CPU.Build.0 = Release|Any CPU
		{948390A5-8C36-4D5D-BFDB-C3C12E24B207}.Debug|Any CPU.ActiveCfg = Debug|Any CPU
		{948390A5-8C36-4D5D-BFDB-C3C12E24B207}.Debug|Any CPU.Build.0 = Debug|Any CPU
		{948390A5-8C36-4D5D-BFDB-C3C12E24B207}.Release|Any CPU.ActiveCfg = Release|Any CPU
		{948390A5-8C36-4D5D-BFDB-C3C12E24B207}.Release|Any CPU.Build.0 = Release|Any CPU
		{E3F7AE6C-EEB2-4470-916B-6792F7F6F228}.Debug|Any CPU.ActiveCfg = Debug|Any CPU
		{E3F7AE6C-EEB2-4470-916B-6792F7F6F228}.Debug|Any CPU.Build.0 = Debug|Any CPU
		{E3F7AE6C-EEB2-4470-916B-6792F7F6F228}.Release|Any CPU.ActiveCfg = Release|Any CPU
		{E3F7AE6C-EEB2-4470-916B-6792F7F6F228}.Release|Any CPU.Build.0 = Release|Any CPU
		{07AC71B3-4BC5-43F1-8DF1-799A5F5B7EFB}.Debug|Any CPU.ActiveCfg = Debug|Any CPU
		{07AC71B3-4BC5-43F1-8DF1-799A5F5B7EFB}.Debug|Any CPU.Build.0 = Debug|Any CPU
		{07AC71B3-4BC5-43F1-8DF1-799A5F5B7EFB}.Release|Any CPU.ActiveCfg = Release|Any CPU
		{07AC71B3-4BC5-43F1-8DF1-799A5F5B7EFB}.Release|Any CPU.Build.0 = Release|Any CPU
	EndGlobalSection
	GlobalSection(SolutionProperties) = preSolution
		HideSolutionNode = FALSE
	EndGlobalSection
	GlobalSection(ExtensibilityGlobals) = postSolution
		SolutionGuid = {54D893BE-EE64-48A9-85D7-2B61C158595A}
	EndGlobalSection
EndGlobal
